// !$*UTF8*$!
{
	archiveVersion = 1;
	classes = {
	};
	objectVersion = 55;
	objects = {

/* Begin PBXBuildFile section */
		165E484428BA5D2C00B2C5EC /* HelloWOrldApp.swift in Sources */ = {isa = PBXBuildFile; fileRef = 165E484328BA5D2C00B2C5EC /* HelloWOrldApp.swift */; };
		165E484628BA5D2C00B2C5EC /* ContentView.swift in Sources */ = {isa = PBXBuildFile; fileRef = 165E484528BA5D2C00B2C5EC /* ContentView.swift */; };
		165E484828BA5D2F00B2C5EC /* Assets.xcassets in Resources */ = {isa = PBXBuildFile; fileRef = 165E484728BA5D2F00B2C5EC /* Assets.xcassets */; };
		165E484B28BA5D2F00B2C5EC /* Preview Assets.xcassets in Resources */ = {isa = PBXBuildFile; fileRef = 165E484A28BA5D2F00B2C5EC /* Preview Assets.xcassets */; };
		165E485528BA5D3000B2C5EC /* HelloWOrldTests.swift in Sources */ = {isa = PBXBuildFile; fileRef = 165E485428BA5D3000B2C5EC /* HelloWOrldTests.swift */; };
		165E485F28BA5D3000B2C5EC /* HelloWOrldUITests.swift in Sources */ = {isa = PBXBuildFile; fileRef = 165E485E28BA5D3000B2C5EC /* HelloWOrldUITests.swift */; };
		165E486128BA5D3000B2C5EC /* HelloWOrldUITestsLaunchTests.swift in Sources */ = {isa = PBXBuildFile; fileRef = 165E486028BA5D3000B2C5EC /* HelloWOrldUITestsLaunchTests.swift */; };
/* End PBXBuildFile section */

/* Begin PBXContainerItemProxy section */
		165E485128BA5D3000B2C5EC /* PBXContainerItemProxy */ = {
			isa = PBXContainerItemProxy;
			containerPortal = 165E483828BA5D2C00B2C5EC /* Project object */;
			proxyType = 1;
			remoteGlobalIDString = 165E483F28BA5D2C00B2C5EC;
			remoteInfo = HelloWOrld;
		};
		165E485B28BA5D3000B2C5EC /* PBXContainerItemProxy */ = {
			isa = PBXContainerItemProxy;
			containerPortal = 165E483828BA5D2C00B2C5EC /* Project object */;
			proxyType = 1;
			remoteGlobalIDString = 165E483F28BA5D2C00B2C5EC;
			remoteInfo = HelloWOrld;
		};
/* End PBXContainerItemProxy section */

/* Begin PBXFileReference section */
		165E484028BA5D2C00B2C5EC /* HelloWOrld.app */ = {isa = PBXFileReference; explicitFileType = wrapper.application; includeInIndex = 0; path = HelloWOrld.app; sourceTree = BUILT_PRODUCTS_DIR; };
		165E484328BA5D2C00B2C5EC /* HelloWOrldApp.swift */ = {isa = PBXFileReference; lastKnownFileType = sourcecode.swift; path = HelloWOrldApp.swift; sourceTree = "<group>"; };
		165E484528BA5D2C00B2C5EC /* ContentView.swift */ = {isa = PBXFileReference; lastKnownFileType = sourcecode.swift; path = ContentView.swift; sourceTree = "<group>"; };
		165E484728BA5D2F00B2C5EC /* Assets.xcassets */ = {isa = PBXFileReference; lastKnownFileType = folder.assetcatalog; path = Assets.xcassets; sourceTree = "<group>"; };
		165E484A28BA5D2F00B2C5EC /* Preview Assets.xcassets */ = {isa = PBXFileReference; lastKnownFileType = folder.assetcatalog; path = "Preview Assets.xcassets"; sourceTree = "<group>"; };
		165E485028BA5D3000B2C5EC /* HelloWOrldTests.xctest */ = {isa = PBXFileReference; explicitFileType = wrapper.cfbundle; includeInIndex = 0; path = HelloWOrldTests.xctest; sourceTree = BUILT_PRODUCTS_DIR; };
		165E485428BA5D3000B2C5EC /* HelloWOrldTests.swift */ = {isa = PBXFileReference; lastKnownFileType = sourcecode.swift; path = HelloWOrldTests.swift; sourceTree = "<group>"; };
		165E485A28BA5D3000B2C5EC /* HelloWOrldUITests.xctest */ = {isa = PBXFileReference; explicitFileType = wrapper.cfbundle; includeInIndex = 0; path = HelloWOrldUITests.xctest; sourceTree = BUILT_PRODUCTS_DIR; };
		165E485E28BA5D3000B2C5EC /* HelloWOrldUITests.swift */ = {isa = PBXFileReference; lastKnownFileType = sourcecode.swift; path = HelloWOrldUITests.swift; sourceTree = "<group>"; };
		165E486028BA5D3000B2C5EC /* HelloWOrldUITestsLaunchTests.swift */ = {isa = PBXFileReference; lastKnownFileType = sourcecode.swift; path = HelloWOrldUITestsLaunchTests.swift; sourceTree = "<group>"; };
/* End PBXFileReference section */

/* Begin PBXFrameworksBuildPhase section */
		165E483D28BA5D2C00B2C5EC /* Frameworks */ = {
			isa = PBXFrameworksBuildPhase;
			buildActionMask = 2147483647;
			files = (
			);
			runOnlyForDeploymentPostprocessing = 0;
		};
		165E484D28BA5D3000B2C5EC /* Frameworks */ = {
			isa = PBXFrameworksBuildPhase;
			buildActionMask = 2147483647;
			files = (
			);
			runOnlyForDeploymentPostprocessing = 0;
		};
		165E485728BA5D3000B2C5EC /* Frameworks */ = {
			isa = PBXFrameworksBuildPhase;
			buildActionMask = 2147483647;
			files = (
			);
			runOnlyForDeploymentPostprocessing = 0;
		};
/* End PBXFrameworksBuildPhase section */

/* Begin PBXGroup section */
		165E483728BA5D2C00B2C5EC = {
			isa = PBXGroup;
			children = (
				165E484228BA5D2C00B2C5EC /* HelloWOrld */,
				165E485328BA5D3000B2C5EC /* HelloWOrldTests */,
				165E485D28BA5D3000B2C5EC /* HelloWOrldUITests */,
				165E484128BA5D2C00B2C5EC /* Products */,
			);
			sourceTree = "<group>";
		};
		165E484128BA5D2C00B2C5EC /* Products */ = {
			isa = PBXGroup;
			children = (
				165E484028BA5D2C00B2C5EC /* HelloWOrld.app */,
				165E485028BA5D3000B2C5EC /* HelloWOrldTests.xctest */,
				165E485A28BA5D3000B2C5EC /* HelloWOrldUITests.xctest */,
			);
			name = Products;
			sourceTree = "<group>";
		};
		165E484228BA5D2C00B2C5EC /* HelloWOrld */ = {
			isa = PBXGroup;
			children = (
				165E484328BA5D2C00B2C5EC /* HelloWOrldApp.swift */,
				165E484528BA5D2C00B2C5EC /* ContentView.swift */,
				165E484728BA5D2F00B2C5EC /* Assets.xcassets */,
				165E484928BA5D2F00B2C5EC /* Preview Content */,
			);
			path = HelloWOrld;
			sourceTree = "<group>";
		};
		165E484928BA5D2F00B2C5EC /* Preview Content */ = {
			isa = PBXGroup;
			children = (
				165E484A28BA5D2F00B2C5EC /* Preview Assets.xcassets */,
			);
			path = "Preview Content";
			sourceTree = "<group>";
		};
		165E485328BA5D3000B2C5EC /* HelloWOrldTests */ = {
			isa = PBXGroup;
			children = (
				165E485428BA5D3000B2C5EC /* HelloWOrldTests.swift */,
			);
			path = HelloWOrldTests;
			sourceTree = "<group>";
		};
		165E485D28BA5D3000B2C5EC /* HelloWOrldUITests */ = {
			isa = PBXGroup;
			children = (
				165E485E28BA5D3000B2C5EC /* HelloWOrldUITests.swift */,
				165E486028BA5D3000B2C5EC /* HelloWOrldUITestsLaunchTests.swift */,
			);
			path = HelloWOrldUITests;
			sourceTree = "<group>";
		};
/* End PBXGroup section */

/* Begin PBXNativeTarget section */
		165E483F28BA5D2C00B2C5EC /* HelloWOrld */ = {
			isa = PBXNativeTarget;
			buildConfigurationList = 165E486428BA5D3000B2C5EC /* Build configuration list for PBXNativeTarget "HelloWOrld" */;
			buildPhases = (
				165E483C28BA5D2C00B2C5EC /* Sources */,
				165E483D28BA5D2C00B2C5EC /* Frameworks */,
				165E483E28BA5D2C00B2C5EC /* Resources */,
			);
			buildRules = (
			);
			dependencies = (
			);
			name = HelloWOrld;
			productName = HelloWOrld;
			productReference = 165E484028BA5D2C00B2C5EC /* HelloWOrld.app */;
			productType = "com.apple.product-type.application";
		};
		165E484F28BA5D3000B2C5EC /* HelloWOrldTests */ = {
			isa = PBXNativeTarget;
			buildConfigurationList = 165E486728BA5D3000B2C5EC /* Build configuration list for PBXNativeTarget "HelloWOrldTests" */;
			buildPhases = (
				165E484C28BA5D3000B2C5EC /* Sources */,
				165E484D28BA5D3000B2C5EC /* Frameworks */,
				165E484E28BA5D3000B2C5EC /* Resources */,
			);
			buildRules = (
			);
			dependencies = (
				165E485228BA5D3000B2C5EC /* PBXTargetDependency */,
			);
			name = HelloWOrldTests;
			productName = HelloWOrldTests;
			productReference = 165E485028BA5D3000B2C5EC /* HelloWOrldTests.xctest */;
			productType = "com.apple.product-type.bundle.unit-test";
		};
		165E485928BA5D3000B2C5EC /* HelloWOrldUITests */ = {
			isa = PBXNativeTarget;
			buildConfigurationList = 165E486A28BA5D3000B2C5EC /* Build configuration list for PBXNativeTarget "HelloWOrldUITests" */;
			buildPhases = (
				165E485628BA5D3000B2C5EC /* Sources */,
				165E485728BA5D3000B2C5EC /* Frameworks */,
				165E485828BA5D3000B2C5EC /* Resources */,
			);
			buildRules = (
			);
			dependencies = (
				165E485C28BA5D3000B2C5EC /* PBXTargetDependency */,
			);
			name = HelloWOrldUITests;
			productName = HelloWOrldUITests;
			productReference = 165E485A28BA5D3000B2C5EC /* HelloWOrldUITests.xctest */;
			productType = "com.apple.product-type.bundle.ui-testing";
		};
/* End PBXNativeTarget section */

/* Begin PBXProject section */
		165E483828BA5D2C00B2C5EC /* Project object */ = {
			isa = PBXProject;
			attributes = {
				BuildIndependentTargetsInParallel = 1;
				LastSwiftUpdateCheck = 1340;
				LastUpgradeCheck = 1340;
				TargetAttributes = {
					165E483F28BA5D2C00B2C5EC = {
						CreatedOnToolsVersion = 13.4.1;
					};
					165E484F28BA5D3000B2C5EC = {
						CreatedOnToolsVersion = 13.4.1;
						TestTargetID = 165E483F28BA5D2C00B2C5EC;
					};
					165E485928BA5D3000B2C5EC = {
						CreatedOnToolsVersion = 13.4.1;
						TestTargetID = 165E483F28BA5D2C00B2C5EC;
					};
				};
			};
			buildConfigurationList = 165E483B28BA5D2C00B2C5EC /* Build configuration list for PBXProject "HelloWOrld" */;
			compatibilityVersion = "Xcode 13.0";
			developmentRegion = en;
			hasScannedForEncodings = 0;
			knownRegions = (
				en,
				Base,
			);
			mainGroup = 165E483728BA5D2C00B2C5EC;
			productRefGroup = 165E484128BA5D2C00B2C5EC /* Products */;
			projectDirPath = "";
			projectRoot = "";
			targets = (
				165E483F28BA5D2C00B2C5EC /* HelloWOrld */,
				165E484F28BA5D3000B2C5EC /* HelloWOrldTests */,
				165E485928BA5D3000B2C5EC /* HelloWOrldUITests */,
			);
		};
/* End PBXProject section */

/* Begin PBXResourcesBuildPhase section */
		165E483E28BA5D2C00B2C5EC /* Resources */ = {
			isa = PBXResourcesBuildPhase;
			buildActionMask = 2147483647;
			files = (
				165E484B28BA5D2F00B2C5EC /* Preview Assets.xcassets in Resources */,
				165E484828BA5D2F00B2C5EC /* Assets.xcassets in Resources */,
			);
			runOnlyForDeploymentPostprocessing = 0;
		};
		165E484E28BA5D3000B2C5EC /* Resources */ = {
			isa = PBXResourcesBuildPhase;
			buildActionMask = 2147483647;
			files = (
			);
			runOnlyForDeploymentPostprocessing = 0;
		};
		165E485828BA5D3000B2C5EC /* Resources */ = {
			isa = PBXResourcesBuildPhase;
			buildActionMask = 2147483647;
			files = (
			);
			runOnlyForDeploymentPostprocessing = 0;
		};
/* End PBXResourcesBuildPhase section */

/* Begin PBXSourcesBuildPhase section */
		165E483C28BA5D2C00B2C5EC /* Sources */ = {
			isa = PBXSourcesBuildPhase;
			buildActionMask = 2147483647;
			files = (
				165E484628BA5D2C00B2C5EC /* ContentView.swift in Sources */,
				165E484428BA5D2C00B2C5EC /* HelloWOrldApp.swift in Sources */,
			);
			runOnlyForDeploymentPostprocessing = 0;
		};
		165E484C28BA5D3000B2C5EC /* Sources */ = {
			isa = PBXSourcesBuildPhase;
			buildActionMask = 2147483647;
			files = (
				165E485528BA5D3000B2C5EC /* HelloWOrldTests.swift in Sources */,
			);
			runOnlyForDeploymentPostprocessing = 0;
		};
		165E485628BA5D3000B2C5EC /* Sources */ = {
			isa = PBXSourcesBuildPhase;
			buildActionMask = 2147483647;
			files = (
				165E486128BA5D3000B2C5EC /* HelloWOrldUITestsLaunchTests.swift in Sources */,
				165E485F28BA5D3000B2C5EC /* HelloWOrldUITests.swift in Sources */,
			);
			runOnlyForDeploymentPostprocessing = 0;
		};
/* End PBXSourcesBuildPhase section */

/* Begin PBXTargetDependency section */
		165E485228BA5D3000B2C5EC /* PBXTargetDependency */ = {
			isa = PBXTargetDependency;
			target = 165E483F28BA5D2C00B2C5EC /* HelloWOrld */;
			targetProxy = 165E485128BA5D3000B2C5EC /* PBXContainerItemProxy */;
		};
		165E485C28BA5D3000B2C5EC /* PBXTargetDependency */ = {
			isa = PBXTargetDependency;
			target = 165E483F28BA5D2C00B2C5EC /* HelloWOrld */;
			targetProxy = 165E485B28BA5D3000B2C5EC /* PBXContainerItemProxy */;
		};
/* End PBXTargetDependency section */

/* Begin XCBuildConfiguration section */
		165E486228BA5D3000B2C5EC /* Debug */ = {
			isa = XCBuildConfiguration;
			buildSettings = {
				ALWAYS_SEARCH_USER_PATHS = NO;
				CLANG_ANALYZER_NONNULL = YES;
				CLANG_ANALYZER_NUMBER_OBJECT_CONVERSION = YES_AGGRESSIVE;
				CLANG_CXX_LANGUAGE_STANDARD = "gnu++17";
				CLANG_ENABLE_MODULES = YES;
				CLANG_ENABLE_OBJC_ARC = YES;
				CLANG_ENABLE_OBJC_WEAK = YES;
				CLANG_WARN_BLOCK_CAPTURE_AUTORELEASING = YES;
				CLANG_WARN_BOOL_CONVERSION = YES;
				CLANG_WARN_COMMA = YES;
				CLANG_WARN_CONSTANT_CONVERSION = YES;
				CLANG_WARN_DEPRECATED_OBJC_IMPLEMENTATIONS = YES;
				CLANG_WARN_DIRECT_OBJC_ISA_USAGE = YES_ERROR;
				CLANG_WARN_DOCUMENTATION_COMMENTS = YES;
				CLANG_WARN_EMPTY_BODY = YES;
				CLANG_WARN_ENUM_CONVERSION = YES;
				CLANG_WARN_INFINITE_RECURSION = YES;
				CLANG_WARN_INT_CONVERSION = YES;
				CLANG_WARN_NON_LITERAL_NULL_CONVERSION = YES;
				CLANG_WARN_OBJC_IMPLICIT_RETAIN_SELF = YES;
				CLANG_WARN_OBJC_LITERAL_CONVERSION = YES;
				CLANG_WARN_OBJC_ROOT_CLASS = YES_ERROR;
				CLANG_WARN_QUOTED_INCLUDE_IN_FRAMEWORK_HEADER = YES;
				CLANG_WARN_RANGE_LOOP_ANALYSIS = YES;
				CLANG_WARN_STRICT_PROTOTYPES = YES;
				CLANG_WARN_SUSPICIOUS_MOVE = YES;
				CLANG_WARN_UNGUARDED_AVAILABILITY = YES_AGGRESSIVE;
				CLANG_WARN_UNREACHABLE_CODE = YES;
				CLANG_WARN__DUPLICATE_METHOD_MATCH = YES;
				COPY_PHASE_STRIP = NO;
				DEBUG_INFORMATION_FORMAT = dwarf;
				ENABLE_STRICT_OBJC_MSGSEND = YES;
				ENABLE_TESTABILITY = YES;
				GCC_C_LANGUAGE_STANDARD = gnu11;
				GCC_DYNAMIC_NO_PIC = NO;
				GCC_NO_COMMON_BLOCKS = YES;
				GCC_OPTIMIZATION_LEVEL = 0;
				GCC_PREPROCESSOR_DEFINITIONS = (
					"DEBUG=1",
					"$(inherited)",
				);
				GCC_WARN_64_TO_32_BIT_CONVERSION = YES;
				GCC_WARN_ABOUT_RETURN_TYPE = YES_ERROR;
				GCC_WARN_UNDECLARED_SELECTOR = YES;
				GCC_WARN_UNINITIALIZED_AUTOS = YES_AGGRESSIVE;
				GCC_WARN_UNUSED_FUNCTION = YES;
				GCC_WARN_UNUSED_VARIABLE = YES;
				IPHONEOS_DEPLOYMENT_TARGET = 15.5;
				MTL_ENABLE_DEBUG_INFO = INCLUDE_SOURCE;
				MTL_FAST_MATH = YES;
				ONLY_ACTIVE_ARCH = YES;
				SDKROOT = iphoneos;
				SWIFT_ACTIVE_COMPILATION_CONDITIONS = DEBUG;
				SWIFT_OPTIMIZATION_LEVEL = "-Onone";
			};
			name = Debug;
		};
		165E486328BA5D3000B2C5EC /* Release */ = {
			isa = XCBuildConfiguration;
			buildSettings = {
				ALWAYS_SEARCH_USER_PATHS = NO;
				CLANG_ANALYZER_NONNULL = YES;
				CLANG_ANALYZER_NUMBER_OBJECT_CONVERSION = YES_AGGRESSIVE;
				CLANG_CXX_LANGUAGE_STANDARD = "gnu++17";
				CLANG_ENABLE_MODULES = YES;
				CLANG_ENABLE_OBJC_ARC = YES;
				CLANG_ENABLE_OBJC_WEAK = YES;
				CLANG_WARN_BLOCK_CAPTURE_AUTORELEASING = YES;
				CLANG_WARN_BOOL_CONVERSION = YES;
				CLANG_WARN_COMMA = YES;
				CLANG_WARN_CONSTANT_CONVERSION = YES;
				CLANG_WARN_DEPRECATED_OBJC_IMPLEMENTATIONS = YES;
				CLANG_WARN_DIRECT_OBJC_ISA_USAGE = YES_ERROR;
				CLANG_WARN_DOCUMENTATION_COMMENTS = YES;
				CLANG_WARN_EMPTY_BODY = YES;
				CLANG_WARN_ENUM_CONVERSION = YES;
				CLANG_WARN_INFINITE_RECURSION = YES;
				CLANG_WARN_INT_CONVERSION = YES;
				CLANG_WARN_NON_LITERAL_NULL_CONVERSION = YES;
				CLANG_WARN_OBJC_IMPLICIT_RETAIN_SELF = YES;
				CLANG_WARN_OBJC_LITERAL_CONVERSION = YES;
				CLANG_WARN_OBJC_ROOT_CLASS = YES_ERROR;
				CLANG_WARN_QUOTED_INCLUDE_IN_FRAMEWORK_HEADER = YES;
				CLANG_WARN_RANGE_LOOP_ANALYSIS = YES;
				CLANG_WARN_STRICT_PROTOTYPES = YES;
				CLANG_WARN_SUSPICIOUS_MOVE = YES;
				CLANG_WARN_UNGUARDED_AVAILABILITY = YES_AGGRESSIVE;
				CLANG_WARN_UNREACHABLE_CODE = YES;
				CLANG_WARN__DUPLICATE_METHOD_MATCH = YES;
				COPY_PHASE_STRIP = NO;
				DEBUG_INFORMATION_FORMAT = "dwarf-with-dsym";
				ENABLE_NS_ASSERTIONS = NO;
				ENABLE_STRICT_OBJC_MSGSEND = YES;
				GCC_C_LANGUAGE_STANDARD = gnu11;
				GCC_NO_COMMON_BLOCKS = YES;
				GCC_WARN_64_TO_32_BIT_CONVERSION = YES;
				GCC_WARN_ABOUT_RETURN_TYPE = YES_ERROR;
				GCC_WARN_UNDECLARED_SELECTOR = YES;
				GCC_WARN_UNINITIALIZED_AUTOS = YES_AGGRESSIVE;
				GCC_WARN_UNUSED_FUNCTION = YES;
				GCC_WARN_UNUSED_VARIABLE = YES;
				IPHONEOS_DEPLOYMENT_TARGET = 15.5;
				MTL_ENABLE_DEBUG_INFO = NO;
				MTL_FAST_MATH = YES;
				SDKROOT = iphoneos;
				SWIFT_COMPILATION_MODE = wholemodule;
				SWIFT_OPTIMIZATION_LEVEL = "-O";
				VALIDATE_PRODUCT = YES;
			};
			name = Release;
		};
		165E486528BA5D3000B2C5EC /* Debug */ = {
			isa = XCBuildConfiguration;
			buildSettings = {
				ASSETCATALOG_COMPILER_APPICON_NAME = AppIcon;
				ASSETCATALOG_COMPILER_GLOBAL_ACCENT_COLOR_NAME = AccentColor;
				CODE_SIGN_STYLE = Automatic;
				CURRENT_PROJECT_VERSION = 1;
				DEVELOPMENT_ASSET_PATHS = "\"HelloWOrld/Preview Content\"";
				ENABLE_PREVIEWS = YES;
				GENERATE_INFOPLIST_FILE = YES;
				INFOPLIST_KEY_UIApplicationSceneManifest_Generation = YES;
				INFOPLIST_KEY_UIApplicationSupportsIndirectInputEvents = YES;
				INFOPLIST_KEY_UILaunchScreen_Generation = YES;
				INFOPLIST_KEY_UISupportedInterfaceOrientations_iPad = "UIInterfaceOrientationPortrait UIInterfaceOrientationPortraitUpsideDown UIInterfaceOrientationLandscapeLeft UIInterfaceOrientationLandscapeRight";
				INFOPLIST_KEY_UISupportedInterfaceOrientations_iPhone = "UIInterfaceOrientationPortrait UIInterfaceOrientationLandscapeLeft UIInterfaceOrientationLandscapeRight";
				LD_RUNPATH_SEARCH_PATHS = (
					"$(inherited)",
					"@executable_path/Frameworks",
				);
				MARKETING_VERSION = 1.0;
				ONLY_ACTIVE_ARCH = NO;
				PRODUCT_BUNDLE_IDENTIFIER = Yahcub.HelloWOrld;
				PRODUCT_NAME = "$(TARGET_NAME)";
				SWIFT_EMIT_LOC_STRINGS = YES;
				SWIFT_VERSION = 5.0;
				TARGETED_DEVICE_FAMILY = "1,2";
			};
			name = Debug;
		};
		165E486628BA5D3000B2C5EC /* Release */ = {
			isa = XCBuildConfiguration;
			buildSettings = {
				ASSETCATALOG_COMPILER_APPICON_NAME = AppIcon;
				ASSETCATALOG_COMPILER_GLOBAL_ACCENT_COLOR_NAME = AccentColor;
				CODE_SIGN_STYLE = Automatic;
				CURRENT_PROJECT_VERSION = 1;
				DEVELOPMENT_ASSET_PATHS = "\"HelloWOrld/Preview Content\"";
				ENABLE_PREVIEWS = YES;
				GENERATE_INFOPLIST_FILE = YES;
				INFOPLIST_KEY_UIApplicationSceneManifest_Generation = YES;
				INFOPLIST_KEY_UIApplicationSupportsIndirectInputEvents = YES;
				INFOPLIST_KEY_UILaunchScreen_Generation = YES;
				INFOPLIST_KEY_UISupportedInterfaceOrientations_iPad = "UIInterfaceOrientationPortrait UIInterfaceOrientationPortraitUpsideDown UIInterfaceOrientationLandscapeLeft UIInterfaceOrientationLandscapeRight";
				INFOPLIST_KEY_UISupportedInterfaceOrientations_iPhone = "UIInterfaceOrientationPortrait UIInterfaceOrientationLandscapeLeft UIInterfaceOrientationLandscapeRight";
				LD_RUNPATH_SEARCH_PATHS = (
					"$(inherited)",
					"@executable_path/Frameworks",
				);
				MARKETING_VERSION = 1.0;
				ONLY_ACTIVE_ARCH = NO;
				PRODUCT_BUNDLE_IDENTIFIER = Yahcub.HelloWOrld;
				PRODUCT_NAME = "$(TARGET_NAME)";
				SWIFT_EMIT_LOC_STRINGS = YES;
				SWIFT_VERSION = 5.0;
				TARGETED_DEVICE_FAMILY = "1,2";
			};
			name = Release;
		};
		165E486828BA5D3000B2C5EC /* Debug */ = {
			isa = XCBuildConfiguration;
			buildSettings = {
				ALWAYS_EMBED_SWIFT_STANDARD_LIBRARIES = YES;
				BUNDLE_LOADER = "$(TEST_HOST)";
				CODE_SIGN_STYLE = Automatic;
				CURRENT_PROJECT_VERSION = 1;
				GENERATE_INFOPLIST_FILE = YES;
				IPHONEOS_DEPLOYMENT_TARGET = 15.5;
				MARKETING_VERSION = 1.0;
				PRODUCT_BUNDLE_IDENTIFIER = Yahcub.HelloWOrldTests;
				PRODUCT_NAME = "$(TARGET_NAME)";
				SWIFT_EMIT_LOC_STRINGS = NO;
				SWIFT_VERSION = 5.0;
				TARGETED_DEVICE_FAMILY = "1,2";
				TEST_HOST = "$(BUILT_PRODUCTS_DIR)/HelloWOrld.app/HelloWOrld";
			};
			name = Debug;
		};
		165E486928BA5D3000B2C5EC /* Release */ = {
			isa = XCBuildConfiguration;
			buildSettings = {
				ALWAYS_EMBED_SWIFT_STANDARD_LIBRARIES = YES;
				BUNDLE_LOADER = "$(TEST_HOST)";
				CODE_SIGN_STYLE = Automatic;
				CURRENT_PROJECT_VERSION = 1;
				GENERATE_INFOPLIST_FILE = YES;
				IPHONEOS_DEPLOYMENT_TARGET = 15.5;
				MARKETING_VERSION = 1.0;
				PRODUCT_BUNDLE_IDENTIFIER = Yahcub.HelloWOrldTests;
				PRODUCT_NAME = "$(TARGET_NAME)";
				SWIFT_EMIT_LOC_STRINGS = NO;
				SWIFT_VERSION = 5.0;
				TARGETED_DEVICE_FAMILY = "1,2";
				TEST_HOST = "$(BUILT_PRODUCTS_DIR)/HelloWOrld.app/HelloWOrld";
			};
			name = Release;
		};
		165E486B28BA5D3000B2C5EC /* Debug */ = {
			isa = XCBuildConfiguration;
			buildSettings = {
				ALWAYS_EMBED_SWIFT_STANDARD_LIBRARIES = YES;
				CODE_SIGN_STYLE = Automatic;
				CURRENT_PROJECT_VERSION = 1;
				GENERATE_INFOPLIST_FILE = YES;
				MARKETING_VERSION = 1.0;
				PRODUCT_BUNDLE_IDENTIFIER = Yahcub.HelloWOrldUITests;
				PRODUCT_NAME = "$(TARGET_NAME)";
				SWIFT_EMIT_LOC_STRINGS = NO;
				SWIFT_VERSION = 5.0;
				TARGETED_DEVICE_FAMILY = "1,2";
				TEST_TARGET_NAME = HelloWOrld;
			};
			name = Debug;
		};
		165E486C28BA5D3000B2C5EC /* Release */ = {
			isa = XCBuildConfiguration;
			buildSettings = {
				ALWAYS_EMBED_SWIFT_STANDARD_LIBRARIES = YES;
				CODE_SIGN_STYLE = Automatic;
				CURRENT_PROJECT_VERSION = 1;
				GENERATE_INFOPLIST_FILE = YES;
				MARKETING_VERSION = 1.0;
				PRODUCT_BUNDLE_IDENTIFIER = Yahcub.HelloWOrldUITests;
				PRODUCT_NAME = "$(TARGET_NAME)";
				SWIFT_EMIT_LOC_STRINGS = NO;
				SWIFT_VERSION = 5.0;
				TARGETED_DEVICE_FAMILY = "1,2";
				TEST_TARGET_NAME = HelloWOrld;
			};
			name = Release;
		};
/* End XCBuildConfiguration section */

/* Begin XCConfigurationList section */
		165E483B28BA5D2C00B2C5EC /* Build configuration list for PBXProject "HelloWOrld" */ = {
			isa = XCConfigurationList;
			buildConfigurations = (
				165E486228BA5D3000B2C5EC /* Debug */,
				165E486328BA5D3000B2C5EC /* Release */,
			);
			defaultConfigurationIsVisible = 0;
			defaultConfigurationName = Release;
		};
		165E486428BA5D3000B2C5EC /* Build configuration list for PBXNativeTarget "HelloWOrld" */ = {
			isa = XCConfigurationList;
			buildConfigurations = (
				165E486528BA5D3000B2C5EC /* Debug */,
				165E486628BA5D3000B2C5EC /* Release */,
			);
			defaultConfigurationIsVisible = 0;
			defaultConfigurationName = Release;
		};
		165E486728BA5D3000B2C5EC /* Build configuration list for PBXNativeTarget "HelloWOrldTests" */ = {
			isa = XCConfigurationList;
			buildConfigurations = (
				165E486828BA5D3000B2C5EC /* Debug */,
				165E486928BA5D3000B2C5EC /* Release */,
			);
			defaultConfigurationIsVisible = 0;
			defaultConfigurationName = Release;
		};
		165E486A28BA5D3000B2C5EC /* Build configuration list for PBXNativeTarget "HelloWOrldUITests" */ = {
			isa = XCConfigurationList;
			buildConfigurations = (
				165E486B28BA5D3000B2C5EC /* Debug */,
				165E486C28BA5D3000B2C5EC /* Release */,
			);
			defaultConfigurationIsVisible = 0;
			defaultConfigurationName = Release;
		};
/* End XCConfigurationList section */
	};
	rootObject = 165E483828BA5D2C00B2C5EC /* Project object */;
}
