// !$*UTF8*$!
{
	archiveVersion = 1;
	classes = {
	};
	objectVersion = 55;
	objects = {

/* Begin PBXBuildFile section */
		165E48C628C3AB8E00B2C5EC /* AppDelegate.swift in Sources */ = {isa = PBXBuildFile; fileRef = 165E48C528C3AB8E00B2C5EC /* AppDelegate.swift */; };
		165E48C828C3AB8E00B2C5EC /* ContentView.swift in Sources */ = {isa = PBXBuildFile; fileRef = 165E48C728C3AB8E00B2C5EC /* ContentView.swift */; };
		165E48CA28C3AB8E00B2C5EC /* Experience.rcproject in Sources */ = {isa = PBXBuildFile; fileRef = 165E48C928C3AB8E00B2C5EC /* Experience.rcproject */; };
		165E48CC28C3AB9100B2C5EC /* Assets.xcassets in Resources */ = {isa = PBXBuildFile; fileRef = 165E48CB28C3AB9100B2C5EC /* Assets.xcassets */; };
		165E48CF28C3AB9100B2C5EC /* Preview Assets.xcassets in Resources */ = {isa = PBXBuildFile; fileRef = 165E48CE28C3AB9100B2C5EC /* Preview Assets.xcassets */; };
		165E48D928C3AB9100B2C5EC /* TestTests.swift in Sources */ = {isa = PBXBuildFile; fileRef = 165E48D828C3AB9100B2C5EC /* TestTests.swift */; };
		165E48E328C3AB9100B2C5EC /* TestUITests.swift in Sources */ = {isa = PBXBuildFile; fileRef = 165E48E228C3AB9100B2C5EC /* TestUITests.swift */; };
		165E48E528C3AB9100B2C5EC /* TestUITestsLaunchTests.swift in Sources */ = {isa = PBXBuildFile; fileRef = 165E48E428C3AB9100B2C5EC /* TestUITestsLaunchTests.swift */; };
/* End PBXBuildFile section */

/* Begin PBXContainerItemProxy section */
		165E48D528C3AB9100B2C5EC /* PBXContainerItemProxy */ = {
			isa = PBXContainerItemProxy;
			containerPortal = 165E48BA28C3AB8E00B2C5EC /* Project object */;
			proxyType = 1;
			remoteGlobalIDString = 165E48C128C3AB8E00B2C5EC;
			remoteInfo = Test;
		};
		165E48DF28C3AB9100B2C5EC /* PBXContainerItemProxy */ = {
			isa = PBXContainerItemProxy;
			containerPortal = 165E48BA28C3AB8E00B2C5EC /* Project object */;
			proxyType = 1;
			remoteGlobalIDString = 165E48C128C3AB8E00B2C5EC;
			remoteInfo = Test;
		};
/* End PBXContainerItemProxy section */

/* Begin PBXFileReference section */
		165E48C228C3AB8E00B2C5EC /* Test.app */ = {isa = PBXFileReference; explicitFileType = wrapper.application; includeInIndex = 0; path = Test.app; sourceTree = BUILT_PRODUCTS_DIR; };
		165E48C528C3AB8E00B2C5EC /* AppDelegate.swift */ = {isa = PBXFileReference; lastKnownFileType = sourcecode.swift; path = AppDelegate.swift; sourceTree = "<group>"; };
		165E48C728C3AB8E00B2C5EC /* ContentView.swift */ = {isa = PBXFileReference; lastKnownFileType = sourcecode.swift; path = ContentView.swift; sourceTree = "<group>"; };
		165E48C928C3AB8E00B2C5EC /* Experience.rcproject */ = {isa = PBXFileReference; lastKnownFileType = file.rcproject; path = Experience.rcproject; sourceTree = "<group>"; };
		165E48CB28C3AB9100B2C5EC /* Assets.xcassets */ = {isa = PBXFileReference; lastKnownFileType = folder.assetcatalog; path = Assets.xcassets; sourceTree = "<group>"; };
		165E48CE28C3AB9100B2C5EC /* Preview Assets.xcassets */ = {isa = PBXFileReference; lastKnownFileType = folder.assetcatalog; path = "Preview Assets.xcassets"; sourceTree = "<group>"; };
		165E48D428C3AB9100B2C5EC /* TestTests.xctest */ = {isa = PBXFileReference; explicitFileType = wrapper.cfbundle; includeInIndex = 0; path = TestTests.xctest; sourceTree = BUILT_PRODUCTS_DIR; };
		165E48D828C3AB9100B2C5EC /* TestTests.swift */ = {isa = PBXFileReference; lastKnownFileType = sourcecode.swift; path = TestTests.swift; sourceTree = "<group>"; };
		165E48DE28C3AB9100B2C5EC /* TestUITests.xctest */ = {isa = PBXFileReference; explicitFileType = wrapper.cfbundle; includeInIndex = 0; path = TestUITests.xctest; sourceTree = BUILT_PRODUCTS_DIR; };
		165E48E228C3AB9100B2C5EC /* TestUITests.swift */ = {isa = PBXFileReference; lastKnownFileType = sourcecode.swift; path = TestUITests.swift; sourceTree = "<group>"; };
		165E48E428C3AB9100B2C5EC /* TestUITestsLaunchTests.swift */ = {isa = PBXFileReference; lastKnownFileType = sourcecode.swift; path = TestUITestsLaunchTests.swift; sourceTree = "<group>"; };
/* End PBXFileReference section */

/* Begin PBXFrameworksBuildPhase section */
		165E48BF28C3AB8E00B2C5EC /* Frameworks */ = {
			isa = PBXFrameworksBuildPhase;
			buildActionMask = 2147483647;
			files = (
			);
			runOnlyForDeploymentPostprocessing = 0;
		};
		165E48D128C3AB9100B2C5EC /* Frameworks */ = {
			isa = PBXFrameworksBuildPhase;
			buildActionMask = 2147483647;
			files = (
			);
			runOnlyForDeploymentPostprocessing = 0;
		};
		165E48DB28C3AB9100B2C5EC /* Frameworks */ = {
			isa = PBXFrameworksBuildPhase;
			buildActionMask = 2147483647;
			files = (
			);
			runOnlyForDeploymentPostprocessing = 0;
		};
/* End PBXFrameworksBuildPhase section */

/* Begin PBXGroup section */
		165E48B928C3AB8E00B2C5EC = {
			isa = PBXGroup;
			children = (
				165E48C428C3AB8E00B2C5EC /* Test */,
				165E48D728C3AB9100B2C5EC /* TestTests */,
				165E48E128C3AB9100B2C5EC /* TestUITests */,
				165E48C328C3AB8E00B2C5EC /* Products */,
			);
			sourceTree = "<group>";
		};
		165E48C328C3AB8E00B2C5EC /* Products */ = {
			isa = PBXGroup;
			children = (
				165E48C228C3AB8E00B2C5EC /* Test.app */,
				165E48D428C3AB9100B2C5EC /* TestTests.xctest */,
				165E48DE28C3AB9100B2C5EC /* TestUITests.xctest */,
			);
			name = Products;
			sourceTree = "<group>";
		};
		165E48C428C3AB8E00B2C5EC /* Test */ = {
			isa = PBXGroup;
			children = (
				165E48C528C3AB8E00B2C5EC /* AppDelegate.swift */,
				165E48C728C3AB8E00B2C5EC /* ContentView.swift */,
				165E48C928C3AB8E00B2C5EC /* Experience.rcproject */,
				165E48CB28C3AB9100B2C5EC /* Assets.xcassets */,
				165E48CD28C3AB9100B2C5EC /* Preview Content */,
			);
			path = Test;
			sourceTree = "<group>";
		};
		165E48CD28C3AB9100B2C5EC /* Preview Content */ = {
			isa = PBXGroup;
			children = (
				165E48CE28C3AB9100B2C5EC /* Preview Assets.xcassets */,
			);
			path = "Preview Content";
			sourceTree = "<group>";
		};
		165E48D728C3AB9100B2C5EC /* TestTests */ = {
			isa = PBXGroup;
			children = (
				165E48D828C3AB9100B2C5EC /* TestTests.swift */,
			);
			path = TestTests;
			sourceTree = "<group>";
		};
		165E48E128C3AB9100B2C5EC /* TestUITests */ = {
			isa = PBXGroup;
			children = (
				165E48E228C3AB9100B2C5EC /* TestUITests.swift */,
				165E48E428C3AB9100B2C5EC /* TestUITestsLaunchTests.swift */,
			);
			path = TestUITests;
			sourceTree = "<group>";
		};
/* End PBXGroup section */

/* Begin PBXNativeTarget section */
		165E48C128C3AB8E00B2C5EC /* Test */ = {
			isa = PBXNativeTarget;
			buildConfigurationList = 165E48E828C3AB9100B2C5EC /* Build configuration list for PBXNativeTarget "Test" */;
			buildPhases = (
				165E48BE28C3AB8E00B2C5EC /* Sources */,
				165E48BF28C3AB8E00B2C5EC /* Frameworks */,
				165E48C028C3AB8E00B2C5EC /* Resources */,
			);
			buildRules = (
			);
			dependencies = (
			);
			name = Test;
			productName = Test;
			productReference = 165E48C228C3AB8E00B2C5EC /* Test.app */;
			productType = "com.apple.product-type.application";
		};
		165E48D328C3AB9100B2C5EC /* TestTests */ = {
			isa = PBXNativeTarget;
			buildConfigurationList = 165E48EB28C3AB9100B2C5EC /* Build configuration list for PBXNativeTarget "TestTests" */;
			buildPhases = (
				165E48D028C3AB9100B2C5EC /* Sources */,
				165E48D128C3AB9100B2C5EC /* Frameworks */,
				165E48D228C3AB9100B2C5EC /* Resources */,
			);
			buildRules = (
			);
			dependencies = (
				165E48D628C3AB9100B2C5EC /* PBXTargetDependency */,
			);
			name = TestTests;
			productName = TestTests;
			productReference = 165E48D428C3AB9100B2C5EC /* TestTests.xctest */;
			productType = "com.apple.product-type.bundle.unit-test";
		};
		165E48DD28C3AB9100B2C5EC /* TestUITests */ = {
			isa = PBXNativeTarget;
			buildConfigurationList = 165E48EE28C3AB9100B2C5EC /* Build configuration list for PBXNativeTarget "TestUITests" */;
			buildPhases = (
				165E48DA28C3AB9100B2C5EC /* Sources */,
				165E48DB28C3AB9100B2C5EC /* Frameworks */,
				165E48DC28C3AB9100B2C5EC /* Resources */,
			);
			buildRules = (
			);
			dependencies = (
				165E48E028C3AB9100B2C5EC /* PBXTargetDependency */,
			);
			name = TestUITests;
			productName = TestUITests;
			productReference = 165E48DE28C3AB9100B2C5EC /* TestUITests.xctest */;
			productType = "com.apple.product-type.bundle.ui-testing";
		};
/* End PBXNativeTarget section */

/* Begin PBXProject section */
		165E48BA28C3AB8E00B2C5EC /* Project object */ = {
			isa = PBXProject;
			attributes = {
				BuildIndependentTargetsInParallel = 1;
				LastSwiftUpdateCheck = 1340;
				LastUpgradeCheck = 1340;
				TargetAttributes = {
					165E48C128C3AB8E00B2C5EC = {
						CreatedOnToolsVersion = 13.4.1;
					};
					165E48D328C3AB9100B2C5EC = {
						CreatedOnToolsVersion = 13.4.1;
						TestTargetID = 165E48C128C3AB8E00B2C5EC;
					};
					165E48DD28C3AB9100B2C5EC = {
						CreatedOnToolsVersion = 13.4.1;
						TestTargetID = 165E48C128C3AB8E00B2C5EC;
					};
				};
			};
			buildConfigurationList = 165E48BD28C3AB8E00B2C5EC /* Build configuration list for PBXProject "Test" */;
			compatibilityVersion = "Xcode 13.0";
			developmentRegion = en;
			hasScannedForEncodings = 0;
			knownRegions = (
				en,
				Base,
			);
			mainGroup = 165E48B928C3AB8E00B2C5EC;
			productRefGroup = 165E48C328C3AB8E00B2C5EC /* Products */;
			projectDirPath = "";
			projectRoot = "";
			targets = (
				165E48C128C3AB8E00B2C5EC /* Test */,
				165E48D328C3AB9100B2C5EC /* TestTests */,
				165E48DD28C3AB9100B2C5EC /* TestUITests */,
			);
		};
/* End PBXProject section */

/* Begin PBXResourcesBuildPhase section */
		165E48C028C3AB8E00B2C5EC /* Resources */ = {
			isa = PBXResourcesBuildPhase;
			buildActionMask = 2147483647;
			files = (
				165E48CF28C3AB9100B2C5EC /* Preview Assets.xcassets in Resources */,
				165E48CC28C3AB9100B2C5EC /* Assets.xcassets in Resources */,
			);
			runOnlyForDeploymentPostprocessing = 0;
		};
		165E48D228C3AB9100B2C5EC /* Resources */ = {
			isa = PBXResourcesBuildPhase;
			buildActionMask = 2147483647;
			files = (
			);
			runOnlyForDeploymentPostprocessing = 0;
		};
		165E48DC28C3AB9100B2C5EC /* Resources */ = {
			isa = PBXResourcesBuildPhase;
			buildActionMask = 2147483647;
			files = (
			);
			runOnlyForDeploymentPostprocessing = 0;
		};
/* End PBXResourcesBuildPhase section */

/* Begin PBXSourcesBuildPhase section */
		165E48BE28C3AB8E00B2C5EC /* Sources */ = {
			isa = PBXSourcesBuildPhase;
			buildActionMask = 2147483647;
			files = (
				165E48C828C3AB8E00B2C5EC /* ContentView.swift in Sources */,
				165E48C628C3AB8E00B2C5EC /* AppDelegate.swift in Sources */,
				165E48CA28C3AB8E00B2C5EC /* Experience.rcproject in Sources */,
			);
			runOnlyForDeploymentPostprocessing = 0;
		};
		165E48D028C3AB9100B2C5EC /* Sources */ = {
			isa = PBXSourcesBuildPhase;
			buildActionMask = 2147483647;
			files = (
				165E48D928C3AB9100B2C5EC /* TestTests.swift in Sources */,
			);
			runOnlyForDeploymentPostprocessing = 0;
		};
		165E48DA28C3AB9100B2C5EC /* Sources */ = {
			isa = PBXSourcesBuildPhase;
			buildActionMask = 2147483647;
			files = (
				165E48E528C3AB9100B2C5EC /* TestUITestsLaunchTests.swift in Sources */,
				165E48E328C3AB9100B2C5EC /* TestUITests.swift in Sources */,
			);
			runOnlyForDeploymentPostprocessing = 0;
		};
/* End PBXSourcesBuildPhase section */

/* Begin PBXTargetDependency section */
		165E48D628C3AB9100B2C5EC /* PBXTargetDependency */ = {
			isa = PBXTargetDependency;
			target = 165E48C128C3AB8E00B2C5EC /* Test */;
			targetProxy = 165E48D528C3AB9100B2C5EC /* PBXContainerItemProxy */;
		};
		165E48E028C3AB9100B2C5EC /* PBXTargetDependency */ = {
			isa = PBXTargetDependency;
			target = 165E48C128C3AB8E00B2C5EC /* Test */;
			targetProxy = 165E48DF28C3AB9100B2C5EC /* PBXContainerItemProxy */;
		};
/* End PBXTargetDependency section */

/* Begin XCBuildConfiguration section */
		165E48E628C3AB9100B2C5EC /* Debug */ = {
			isa = XCBuildConfiguration;
			buildSettings = {
				ALWAYS_SEARCH_USER_PATHS = NO;
				CLANG_ANALYZER_NONNULL = YES;
				CLANG_ANALYZER_NUMBER_OBJECT_CONVERSION = YES_AGGRESSIVE;
				CLANG_CXX_LANGUAGE_STANDARD = "gnu++17";
				CLANG_ENABLE_MODULES = YES;
				CLANG_ENABLE_OBJC_ARC = YES;
				CLANG_ENABLE_OBJC_WEAK = YES;
				CLANG_WARN_BLOCK_CAPTURE_AUTORELEASING = YES;
				CLANG_WARN_BOOL_CONVERSION = YES;
				CLANG_WARN_COMMA = YES;
				CLANG_WARN_CONSTANT_CONVERSION = YES;
				CLANG_WARN_DEPRECATED_OBJC_IMPLEMENTATIONS = YES;
				CLANG_WARN_DIRECT_OBJC_ISA_USAGE = YES_ERROR;
				CLANG_WARN_DOCUMENTATION_COMMENTS = YES;
				CLANG_WARN_EMPTY_BODY = YES;
				CLANG_WARN_ENUM_CONVERSION = YES;
				CLANG_WARN_INFINITE_RECURSION = YES;
				CLANG_WARN_INT_CONVERSION = YES;
				CLANG_WARN_NON_LITERAL_NULL_CONVERSION = YES;
				CLANG_WARN_OBJC_IMPLICIT_RETAIN_SELF = YES;
				CLANG_WARN_OBJC_LITERAL_CONVERSION = YES;
				CLANG_WARN_OBJC_ROOT_CLASS = YES_ERROR;
				CLANG_WARN_QUOTED_INCLUDE_IN_FRAMEWORK_HEADER = YES;
				CLANG_WARN_RANGE_LOOP_ANALYSIS = YES;
				CLANG_WARN_STRICT_PROTOTYPES = YES;
				CLANG_WARN_SUSPICIOUS_MOVE = YES;
				CLANG_WARN_UNGUARDED_AVAILABILITY = YES_AGGRESSIVE;
				CLANG_WARN_UNREACHABLE_CODE = YES;
				CLANG_WARN__DUPLICATE_METHOD_MATCH = YES;
				COPY_PHASE_STRIP = NO;
				DEBUG_INFORMATION_FORMAT = dwarf;
				ENABLE_STRICT_OBJC_MSGSEND = YES;
				ENABLE_TESTABILITY = YES;
				GCC_C_LANGUAGE_STANDARD = gnu11;
				GCC_DYNAMIC_NO_PIC = NO;
				GCC_NO_COMMON_BLOCKS = YES;
				GCC_OPTIMIZATION_LEVEL = 0;
				GCC_PREPROCESSOR_DEFINITIONS = (
					"DEBUG=1",
					"$(inherited)",
				);
				GCC_WARN_64_TO_32_BIT_CONVERSION = YES;
				GCC_WARN_ABOUT_RETURN_TYPE = YES_ERROR;
				GCC_WARN_UNDECLARED_SELECTOR = YES;
				GCC_WARN_UNINITIALIZED_AUTOS = YES_AGGRESSIVE;
				GCC_WARN_UNUSED_FUNCTION = YES;
				GCC_WARN_UNUSED_VARIABLE = YES;
				IPHONEOS_DEPLOYMENT_TARGET = 15.5;
				MTL_ENABLE_DEBUG_INFO = INCLUDE_SOURCE;
				MTL_FAST_MATH = YES;
				ONLY_ACTIVE_ARCH = YES;
				SDKROOT = iphoneos;
				SWIFT_ACTIVE_COMPILATION_CONDITIONS = DEBUG;
				SWIFT_OPTIMIZATION_LEVEL = "-Onone";
			};
			name = Debug;
		};
		165E48E728C3AB9100B2C5EC /* Release */ = {
			isa = XCBuildConfiguration;
			buildSettings = {
				ALWAYS_SEARCH_USER_PATHS = NO;
				CLANG_ANALYZER_NONNULL = YES;
				CLANG_ANALYZER_NUMBER_OBJECT_CONVERSION = YES_AGGRESSIVE;
				CLANG_CXX_LANGUAGE_STANDARD = "gnu++17";
				CLANG_ENABLE_MODULES = YES;
				CLANG_ENABLE_OBJC_ARC = YES;
				CLANG_ENABLE_OBJC_WEAK = YES;
				CLANG_WARN_BLOCK_CAPTURE_AUTORELEASING = YES;
				CLANG_WARN_BOOL_CONVERSION = YES;
				CLANG_WARN_COMMA = YES;
				CLANG_WARN_CONSTANT_CONVERSION = YES;
				CLANG_WARN_DEPRECATED_OBJC_IMPLEMENTATIONS = YES;
				CLANG_WARN_DIRECT_OBJC_ISA_USAGE = YES_ERROR;
				CLANG_WARN_DOCUMENTATION_COMMENTS = YES;
				CLANG_WARN_EMPTY_BODY = YES;
				CLANG_WARN_ENUM_CONVERSION = YES;
				CLANG_WARN_INFINITE_RECURSION = YES;
				CLANG_WARN_INT_CONVERSION = YES;
				CLANG_WARN_NON_LITERAL_NULL_CONVERSION = YES;
				CLANG_WARN_OBJC_IMPLICIT_RETAIN_SELF = YES;
				CLANG_WARN_OBJC_LITERAL_CONVERSION = YES;
				CLANG_WARN_OBJC_ROOT_CLASS = YES_ERROR;
				CLANG_WARN_QUOTED_INCLUDE_IN_FRAMEWORK_HEADER = YES;
				CLANG_WARN_RANGE_LOOP_ANALYSIS = YES;
				CLANG_WARN_STRICT_PROTOTYPES = YES;
				CLANG_WARN_SUSPICIOUS_MOVE = YES;
				CLANG_WARN_UNGUARDED_AVAILABILITY = YES_AGGRESSIVE;
				CLANG_WARN_UNREACHABLE_CODE = YES;
				CLANG_WARN__DUPLICATE_METHOD_MATCH = YES;
				COPY_PHASE_STRIP = NO;
				DEBUG_INFORMATION_FORMAT = "dwarf-with-dsym";
				ENABLE_NS_ASSERTIONS = NO;
				ENABLE_STRICT_OBJC_MSGSEND = YES;
				GCC_C_LANGUAGE_STANDARD = gnu11;
				GCC_NO_COMMON_BLOCKS = YES;
				GCC_WARN_64_TO_32_BIT_CONVERSION = YES;
				GCC_WARN_ABOUT_RETURN_TYPE = YES_ERROR;
				GCC_WARN_UNDECLARED_SELECTOR = YES;
				GCC_WARN_UNINITIALIZED_AUTOS = YES_AGGRESSIVE;
				GCC_WARN_UNUSED_FUNCTION = YES;
				GCC_WARN_UNUSED_VARIABLE = YES;
				IPHONEOS_DEPLOYMENT_TARGET = 15.5;
				MTL_ENABLE_DEBUG_INFO = NO;
				MTL_FAST_MATH = YES;
				SDKROOT = iphoneos;
				SWIFT_COMPILATION_MODE = wholemodule;
				SWIFT_OPTIMIZATION_LEVEL = "-O";
				VALIDATE_PRODUCT = YES;
			};
			name = Release;
		};
		165E48E928C3AB9100B2C5EC /* Debug */ = {
			isa = XCBuildConfiguration;
			buildSettings = {
				ASSETCATALOG_COMPILER_APPICON_NAME = AppIcon;
				ASSETCATALOG_COMPILER_GLOBAL_ACCENT_COLOR_NAME = AccentColor;
				CODE_SIGN_STYLE = Automatic;
				CURRENT_PROJECT_VERSION = 1;
				DEVELOPMENT_ASSET_PATHS = "\"Test/Preview Content\"";
				DEVELOPMENT_TEAM = RGBHTHY9M6;
				ENABLE_PREVIEWS = YES;
				GENERATE_INFOPLIST_FILE = YES;
				INFOPLIST_KEY_NSCameraUsageDescription = "";
				INFOPLIST_KEY_UIApplicationSupportsIndirectInputEvents = YES;
				INFOPLIST_KEY_UILaunchScreen_Generation = YES;
				INFOPLIST_KEY_UIRequiredDeviceCapabilities = arkit;
				INFOPLIST_KEY_UIStatusBarHidden = YES;
				INFOPLIST_KEY_UISupportedInterfaceOrientations_iPad = "UIInterfaceOrientationPortrait UIInterfaceOrientationPortraitUpsideDown UIInterfaceOrientationLandscapeLeft UIInterfaceOrientationLandscapeRight";
				INFOPLIST_KEY_UISupportedInterfaceOrientations_iPhone = "UIInterfaceOrientationPortrait UIInterfaceOrientationLandscapeLeft UIInterfaceOrientationLandscapeRight";
				LD_RUNPATH_SEARCH_PATHS = (
					"$(inherited)",
					"@executable_path/Frameworks",
				);
				MARKETING_VERSION = 1.0;
				ONLY_ACTIVE_ARCH = NO;
				PRODUCT_BUNDLE_IDENTIFIER = Yahcub.Test;
				PRODUCT_NAME = "$(TARGET_NAME)";
				SWIFT_EMIT_LOC_STRINGS = YES;
				SWIFT_VERSION = 5.0;
				TARGETED_DEVICE_FAMILY = "1,2";
			};
			name = Debug;
		};
		165E48EA28C3AB9100B2C5EC /* Release */ = {
			isa = XCBuildConfiguration;
			buildSettings = {
				ASSETCATALOG_COMPILER_APPICON_NAME = AppIcon;
				ASSETCATALOG_COMPILER_GLOBAL_ACCENT_COLOR_NAME = AccentColor;
				CODE_SIGN_STYLE = Automatic;
				CURRENT_PROJECT_VERSION = 1;
				DEVELOPMENT_ASSET_PATHS = "\"Test/Preview Content\"";
				DEVELOPMENT_TEAM = RGBHTHY9M6;
				ENABLE_PREVIEWS = YES;
				GENERATE_INFOPLIST_FILE = YES;
				INFOPLIST_KEY_NSCameraUsageDescription = "";
				INFOPLIST_KEY_UIApplicationSupportsIndirectInputEvents = YES;
				INFOPLIST_KEY_UILaunchScreen_Generation = YES;
				INFOPLIST_KEY_UIRequiredDeviceCapabilities = arkit;
				INFOPLIST_KEY_UIStatusBarHidden = YES;
				INFOPLIST_KEY_UISupportedInterfaceOrientations_iPad = "UIInterfaceOrientationPortrait UIInterfaceOrientationPortraitUpsideDown UIInterfaceOrientationLandscapeLeft UIInterfaceOrientationLandscapeRight";
				INFOPLIST_KEY_UISupportedInterfaceOrientations_iPhone = "UIInterfaceOrientationPortrait UIInterfaceOrientationLandscapeLeft UIInterfaceOrientationLandscapeRight";
				LD_RUNPATH_SEARCH_PATHS = (
					"$(inherited)",
					"@executable_path/Frameworks",
				);
				MARKETING_VERSION = 1.0;
				ONLY_ACTIVE_ARCH = NO;
				PRODUCT_BUNDLE_IDENTIFIER = Yahcub.Test;
				PRODUCT_NAME = "$(TARGET_NAME)";
				SWIFT_EMIT_LOC_STRINGS = YES;
				SWIFT_VERSION = 5.0;
				TARGETED_DEVICE_FAMILY = "1,2";
			};
			name = Release;
		};
		165E48EC28C3AB9100B2C5EC /* Debug */ = {
			isa = XCBuildConfiguration;
			buildSettings = {
				ALWAYS_EMBED_SWIFT_STANDARD_LIBRARIES = YES;
				BUNDLE_LOADER = "$(TEST_HOST)";
				CODE_SIGN_STYLE = Automatic;
				CURRENT_PROJECT_VERSION = 1;
				GENERATE_INFOPLIST_FILE = YES;
				IPHONEOS_DEPLOYMENT_TARGET = 15.5;
				MARKETING_VERSION = 1.0;
				PRODUCT_BUNDLE_IDENTIFIER = Yahcub.TestTests;
				PRODUCT_NAME = "$(TARGET_NAME)";
				SWIFT_EMIT_LOC_STRINGS = NO;
				SWIFT_VERSION = 5.0;
				TARGETED_DEVICE_FAMILY = "1,2";
				TEST_HOST = "$(BUILT_PRODUCTS_DIR)/Test.app/Test";
			};
			name = Debug;
		};
		165E48ED28C3AB9100B2C5EC /* Release */ = {
			isa = XCBuildConfiguration;
			buildSettings = {
				ALWAYS_EMBED_SWIFT_STANDARD_LIBRARIES = YES;
				BUNDLE_LOADER = "$(TEST_HOST)";
				CODE_SIGN_STYLE = Automatic;
				CURRENT_PROJECT_VERSION = 1;
				GENERATE_INFOPLIST_FILE = YES;
				IPHONEOS_DEPLOYMENT_TARGET = 15.5;
				MARKETING_VERSION = 1.0;
				PRODUCT_BUNDLE_IDENTIFIER = Yahcub.TestTests;
				PRODUCT_NAME = "$(TARGET_NAME)";
				SWIFT_EMIT_LOC_STRINGS = NO;
				SWIFT_VERSION = 5.0;
				TARGETED_DEVICE_FAMILY = "1,2";
				TEST_HOST = "$(BUILT_PRODUCTS_DIR)/Test.app/Test";
			};
			name = Release;
		};
		165E48EF28C3AB9100B2C5EC /* Debug */ = {
			isa = XCBuildConfiguration;
			buildSettings = {
				ALWAYS_EMBED_SWIFT_STANDARD_LIBRARIES = YES;
				CODE_SIGN_STYLE = Automatic;
				CURRENT_PROJECT_VERSION = 1;
				GENERATE_INFOPLIST_FILE = YES;
				MARKETING_VERSION = 1.0;
				PRODUCT_BUNDLE_IDENTIFIER = Yahcub.TestUITests;
				PRODUCT_NAME = "$(TARGET_NAME)";
				SWIFT_EMIT_LOC_STRINGS = NO;
				SWIFT_VERSION = 5.0;
				TARGETED_DEVICE_FAMILY = "1,2";
				TEST_TARGET_NAME = Test;
			};
			name = Debug;
		};
		165E48F028C3AB9100B2C5EC /* Release */ = {
			isa = XCBuildConfiguration;
			buildSettings = {
				ALWAYS_EMBED_SWIFT_STANDARD_LIBRARIES = YES;
				CODE_SIGN_STYLE = Automatic;
				CURRENT_PROJECT_VERSION = 1;
				GENERATE_INFOPLIST_FILE = YES;
				MARKETING_VERSION = 1.0;
				PRODUCT_BUNDLE_IDENTIFIER = Yahcub.TestUITests;
				PRODUCT_NAME = "$(TARGET_NAME)";
				SWIFT_EMIT_LOC_STRINGS = NO;
				SWIFT_VERSION = 5.0;
				TARGETED_DEVICE_FAMILY = "1,2";
				TEST_TARGET_NAME = Test;
			};
			name = Release;
		};
/* End XCBuildConfiguration section */

/* Begin XCConfigurationList section */
		165E48BD28C3AB8E00B2C5EC /* Build configuration list for PBXProject "Test" */ = {
			isa = XCConfigurationList;
			buildConfigurations = (
				165E48E628C3AB9100B2C5EC /* Debug */,
				165E48E728C3AB9100B2C5EC /* Release */,
			);
			defaultConfigurationIsVisible = 0;
			defaultConfigurationName = Release;
		};
		165E48E828C3AB9100B2C5EC /* Build configuration list for PBXNativeTarget "Test" */ = {
			isa = XCConfigurationList;
			buildConfigurations = (
				165E48E928C3AB9100B2C5EC /* Debug */,
				165E48EA28C3AB9100B2C5EC /* Release */,
			);
			defaultConfigurationIsVisible = 0;
			defaultConfigurationName = Release;
		};
		165E48EB28C3AB9100B2C5EC /* Build configuration list for PBXNativeTarget "TestTests" */ = {
			isa = XCConfigurationList;
			buildConfigurations = (
				165E48EC28C3AB9100B2C5EC /* Debug */,
				165E48ED28C3AB9100B2C5EC /* Release */,
			);
			defaultConfigurationIsVisible = 0;
			defaultConfigurationName = Release;
		};
		165E48EE28C3AB9100B2C5EC /* Build configuration list for PBXNativeTarget "TestUITests" */ = {
			isa = XCConfigurationList;
			buildConfigurations = (
				165E48EF28C3AB9100B2C5EC /* Debug */,
				165E48F028C3AB9100B2C5EC /* Release */,
			);
			defaultConfigurationIsVisible = 0;
			defaultConfigurationName = Release;
		};
/* End XCConfigurationList section */
	};
	rootObject = 165E48BA28C3AB8E00B2C5EC /* Project object */;
}
